// !$*UTF8*$!
{
	archiveVersion = 1;
	classes = {
	};
	objectVersion = 56;
	objects = {

/* Begin PBXBuildFile section */
		8A8782BC2D01F79B001313B0 /* AppDelegate.swift in Sources */ = {isa = PBXBuildFile; fileRef = 8A8782BB2D01F79B001313B0 /* AppDelegate.swift */; };
		8A8782BE2D01F79B001313B0 /* SceneDelegate.swift in Sources */ = {isa = PBXBuildFile; fileRef = 8A8782BD2D01F79B001313B0 /* SceneDelegate.swift */; };
		8A8782C02D01F79B001313B0 /* ViewController.swift in Sources */ = {isa = PBXBuildFile; fileRef = 8A8782BF2D01F79B001313B0 /* ViewController.swift */; };
		8A8782C32D01F79B001313B0 /* Base in Resources */ = {isa = PBXBuildFile; fileRef = 8A8782C22D01F79B001313B0 /* Base */; };
		8A8782C52D01F79C001313B0 /* Assets.xcassets in Resources */ = {isa = PBXBuildFile; fileRef = 8A8782C42D01F79C001313B0 /* Assets.xcassets */; };
		8A8782C82D01F79C001313B0 /* Base in Resources */ = {isa = PBXBuildFile; fileRef = 8A8782C72D01F79C001313B0 /* Base */; };
		8A8782D32D01F79C001313B0 /* TD5_LeBonTests.swift in Sources */ = {isa = PBXBuildFile; fileRef = 8A8782D22D01F79C001313B0 /* TD5_LeBonTests.swift */; };
		8A8782DD2D01F79C001313B0 /* TD5_LeBonUITests.swift in Sources */ = {isa = PBXBuildFile; fileRef = 8A8782DC2D01F79C001313B0 /* TD5_LeBonUITests.swift */; };
		8A8782DF2D01F79C001313B0 /* TD5_LeBonUITestsLaunchTests.swift in Sources */ = {isa = PBXBuildFile; fileRef = 8A8782DE2D01F79C001313B0 /* TD5_LeBonUITestsLaunchTests.swift */; };
/* End PBXBuildFile section */

/* Begin PBXContainerItemProxy section */
		8A8782CF2D01F79C001313B0 /* PBXContainerItemProxy */ = {
			isa = PBXContainerItemProxy;
			containerPortal = 8A8782B02D01F79B001313B0 /* Project object */;
			proxyType = 1;
			remoteGlobalIDString = 8A8782B72D01F79B001313B0;
			remoteInfo = TD5_LeBon;
		};
		8A8782D92D01F79C001313B0 /* PBXContainerItemProxy */ = {
			isa = PBXContainerItemProxy;
			containerPortal = 8A8782B02D01F79B001313B0 /* Project object */;
			proxyType = 1;
			remoteGlobalIDString = 8A8782B72D01F79B001313B0;
			remoteInfo = TD5_LeBon;
		};
/* End PBXContainerItemProxy section */

/* Begin PBXFileReference section */
		8A8782B82D01F79B001313B0 /* TD5_LeBon.app */ = {isa = PBXFileReference; explicitFileType = wrapper.application; includeInIndex = 0; path = TD5_LeBon.app; sourceTree = BUILT_PRODUCTS_DIR; };
		8A8782BB2D01F79B001313B0 /* AppDelegate.swift */ = {isa = PBXFileReference; lastKnownFileType = sourcecode.swift; path = AppDelegate.swift; sourceTree = "<group>"; };
		8A8782BD2D01F79B001313B0 /* SceneDelegate.swift */ = {isa = PBXFileReference; lastKnownFileType = sourcecode.swift; path = SceneDelegate.swift; sourceTree = "<group>"; };
		8A8782BF2D01F79B001313B0 /* ViewController.swift */ = {isa = PBXFileReference; lastKnownFileType = sourcecode.swift; path = ViewController.swift; sourceTree = "<group>"; };
		8A8782C22D01F79B001313B0 /* Base */ = {isa = PBXFileReference; lastKnownFileType = file.storyboard; name = Base; path = Base.lproj/Main.storyboard; sourceTree = "<group>"; };
		8A8782C42D01F79C001313B0 /* Assets.xcassets */ = {isa = PBXFileReference; lastKnownFileType = folder.assetcatalog; path = Assets.xcassets; sourceTree = "<group>"; };
		8A8782C72D01F79C001313B0 /* Base */ = {isa = PBXFileReference; lastKnownFileType = file.storyboard; name = Base; path = Base.lproj/LaunchScreen.storyboard; sourceTree = "<group>"; };
		8A8782C92D01F79C001313B0 /* Info.plist */ = {isa = PBXFileReference; lastKnownFileType = text.plist.xml; path = Info.plist; sourceTree = "<group>"; };
		8A8782CE2D01F79C001313B0 /* TD5_LeBonTests.xctest */ = {isa = PBXFileReference; explicitFileType = wrapper.cfbundle; includeInIndex = 0; path = TD5_LeBonTests.xctest; sourceTree = BUILT_PRODUCTS_DIR; };
		8A8782D22D01F79C001313B0 /* TD5_LeBonTests.swift */ = {isa = PBXFileReference; lastKnownFileType = sourcecode.swift; path = TD5_LeBonTests.swift; sourceTree = "<group>"; };
		8A8782D82D01F79C001313B0 /* TD5_LeBonUITests.xctest */ = {isa = PBXFileReference; explicitFileType = wrapper.cfbundle; includeInIndex = 0; path = TD5_LeBonUITests.xctest; sourceTree = BUILT_PRODUCTS_DIR; };
		8A8782DC2D01F79C001313B0 /* TD5_LeBonUITests.swift */ = {isa = PBXFileReference; lastKnownFileType = sourcecode.swift; path = TD5_LeBonUITests.swift; sourceTree = "<group>"; };
		8A8782DE2D01F79C001313B0 /* TD5_LeBonUITestsLaunchTests.swift */ = {isa = PBXFileReference; lastKnownFileType = sourcecode.swift; path = TD5_LeBonUITestsLaunchTests.swift; sourceTree = "<group>"; };
/* End PBXFileReference section */

/* Begin PBXFrameworksBuildPhase section */
		8A8782B52D01F79B001313B0 /* Frameworks */ = {
			isa = PBXFrameworksBuildPhase;
			buildActionMask = 2147483647;
			files = (
			);
			runOnlyForDeploymentPostprocessing = 0;
		};
		8A8782CB2D01F79C001313B0 /* Frameworks */ = {
			isa = PBXFrameworksBuildPhase;
			buildActionMask = 2147483647;
			files = (
			);
			runOnlyForDeploymentPostprocessing = 0;
		};
		8A8782D52D01F79C001313B0 /* Frameworks */ = {
			isa = PBXFrameworksBuildPhase;
			buildActionMask = 2147483647;
			files = (
			);
			runOnlyForDeploymentPostprocessing = 0;
		};
/* End PBXFrameworksBuildPhase section */

/* Begin PBXGroup section */
		8A8782AF2D01F79B001313B0 = {
			isa = PBXGroup;
			children = (
				8A8782BA2D01F79B001313B0 /* TD5_LeBon */,
				8A8782D12D01F79C001313B0 /* TD5_LeBonTests */,
				8A8782DB2D01F79C001313B0 /* TD5_LeBonUITests */,
				8A8782B92D01F79B001313B0 /* Products */,
			);
			sourceTree = "<group>";
		};
		8A8782B92D01F79B001313B0 /* Products */ = {
			isa = PBXGroup;
			children = (
				8A8782B82D01F79B001313B0 /* TD5_LeBon.app */,
				8A8782CE2D01F79C001313B0 /* TD5_LeBonTests.xctest */,
				8A8782D82D01F79C001313B0 /* TD5_LeBonUITests.xctest */,
			);
			name = Products;
			sourceTree = "<group>";
		};
		8A8782BA2D01F79B001313B0 /* TD5_LeBon */ = {
			isa = PBXGroup;
			children = (
				8A8782BB2D01F79B001313B0 /* AppDelegate.swift */,
				8A8782BD2D01F79B001313B0 /* SceneDelegate.swift */,
				8A8782BF2D01F79B001313B0 /* ViewController.swift */,
				8A8782C12D01F79B001313B0 /* Main.storyboard */,
				8A8782C42D01F79C001313B0 /* Assets.xcassets */,
				8A8782C62D01F79C001313B0 /* LaunchScreen.storyboard */,
				8A8782C92D01F79C001313B0 /* Info.plist */,
			);
			path = TD5_LeBon;
			sourceTree = "<group>";
		};
		8A8782D12D01F79C001313B0 /* TD5_LeBonTests */ = {
			isa = PBXGroup;
			children = (
				8A8782D22D01F79C001313B0 /* TD5_LeBonTests.swift */,
			);
			path = TD5_LeBonTests;
			sourceTree = "<group>";
		};
		8A8782DB2D01F79C001313B0 /* TD5_LeBonUITests */ = {
			isa = PBXGroup;
			children = (
				8A8782DC2D01F79C001313B0 /* TD5_LeBonUITests.swift */,
				8A8782DE2D01F79C001313B0 /* TD5_LeBonUITestsLaunchTests.swift */,
			);
			path = TD5_LeBonUITests;
			sourceTree = "<group>";
		};
/* End PBXGroup section */

/* Begin PBXNativeTarget section */
		8A8782B72D01F79B001313B0 /* TD5_LeBon */ = {
			isa = PBXNativeTarget;
			buildConfigurationList = 8A8782E22D01F79C001313B0 /* Build configuration list for PBXNativeTarget "TD5_LeBon" */;
			buildPhases = (
				8A8782B42D01F79B001313B0 /* Sources */,
				8A8782B52D01F79B001313B0 /* Frameworks */,
				8A8782B62D01F79B001313B0 /* Resources */,
			);
			buildRules = (
			);
			dependencies = (
			);
			name = TD5_LeBon;
			productName = TD5_LeBon;
			productReference = 8A8782B82D01F79B001313B0 /* TD5_LeBon.app */;
			productType = "com.apple.product-type.application";
		};
		8A8782CD2D01F79C001313B0 /* TD5_LeBonTests */ = {
			isa = PBXNativeTarget;
			buildConfigurationList = 8A8782E52D01F79C001313B0 /* Build configuration list for PBXNativeTarget "TD5_LeBonTests" */;
			buildPhases = (
				8A8782CA2D01F79C001313B0 /* Sources */,
				8A8782CB2D01F79C001313B0 /* Frameworks */,
				8A8782CC2D01F79C001313B0 /* Resources */,
			);
			buildRules = (
			);
			dependencies = (
				8A8782D02D01F79C001313B0 /* PBXTargetDependency */,
			);
			name = TD5_LeBonTests;
			productName = TD5_LeBonTests;
			productReference = 8A8782CE2D01F79C001313B0 /* TD5_LeBonTests.xctest */;
			productType = "com.apple.product-type.bundle.unit-test";
		};
		8A8782D72D01F79C001313B0 /* TD5_LeBonUITests */ = {
			isa = PBXNativeTarget;
			buildConfigurationList = 8A8782E82D01F79C001313B0 /* Build configuration list for PBXNativeTarget "TD5_LeBonUITests" */;
			buildPhases = (
				8A8782D42D01F79C001313B0 /* Sources */,
				8A8782D52D01F79C001313B0 /* Frameworks */,
				8A8782D62D01F79C001313B0 /* Resources */,
			);
			buildRules = (
			);
			dependencies = (
				8A8782DA2D01F79C001313B0 /* PBXTargetDependency */,
			);
			name = TD5_LeBonUITests;
			productName = TD5_LeBonUITests;
			productReference = 8A8782D82D01F79C001313B0 /* TD5_LeBonUITests.xctest */;
			productType = "com.apple.product-type.bundle.ui-testing";
		};
/* End PBXNativeTarget section */

/* Begin PBXProject section */
		8A8782B02D01F79B001313B0 /* Project object */ = {
			isa = PBXProject;
			attributes = {
				BuildIndependentTargetsInParallel = 1;
				LastSwiftUpdateCheck = 1540;
				LastUpgradeCheck = 1540;
				TargetAttributes = {
					8A8782B72D01F79B001313B0 = {
						CreatedOnToolsVersion = 15.4;
					};
					8A8782CD2D01F79C001313B0 = {
						CreatedOnToolsVersion = 15.4;
						TestTargetID = 8A8782B72D01F79B001313B0;
					};
					8A8782D72D01F79C001313B0 = {
						CreatedOnToolsVersion = 15.4;
						TestTargetID = 8A8782B72D01F79B001313B0;
					};
				};
			};
			buildConfigurationList = 8A8782B32D01F79B001313B0 /* Build configuration list for PBXProject "TD5_LeBon" */;
			compatibilityVersion = "Xcode 14.0";
			developmentRegion = en;
			hasScannedForEncodings = 0;
			knownRegions = (
				en,
				Base,
			);
			mainGroup = 8A8782AF2D01F79B001313B0;
			productRefGroup = 8A8782B92D01F79B001313B0 /* Products */;
			projectDirPath = "";
			projectRoot = "";
			targets = (
				8A8782B72D01F79B001313B0 /* TD5_LeBon */,
				8A8782CD2D01F79C001313B0 /* TD5_LeBonTests */,
				8A8782D72D01F79C001313B0 /* TD5_LeBonUITests */,
			);
		};
/* End PBXProject section */

/* Begin PBXResourcesBuildPhase section */
		8A8782B62D01F79B001313B0 /* Resources */ = {
			isa = PBXResourcesBuildPhase;
			buildActionMask = 2147483647;
			files = (
				8A8782C52D01F79C001313B0 /* Assets.xcassets in Resources */,
				8A8782C82D01F79C001313B0 /* Base in Resources */,
				8A8782C32D01F79B001313B0 /* Base in Resources */,
			);
			runOnlyForDeploymentPostprocessing = 0;
		};
		8A8782CC2D01F79C001313B0 /* Resources */ = {
			isa = PBXResourcesBuildPhase;
			buildActionMask = 2147483647;
			files = (
			);
			runOnlyForDeploymentPostprocessing = 0;
		};
		8A8782D62D01F79C001313B0 /* Resources */ = {
			isa = PBXResourcesBuildPhase;
			buildActionMask = 2147483647;
			files = (
			);
			runOnlyForDeploymentPostprocessing = 0;
		};
/* End PBXResourcesBuildPhase section */

/* Begin PBXSourcesBuildPhase section */
		8A8782B42D01F79B001313B0 /* Sources */ = {
			isa = PBXSourcesBuildPhase;
			buildActionMask = 2147483647;
			files = (
				8A8782C02D01F79B001313B0 /* ViewController.swift in Sources */,
				8A8782BC2D01F79B001313B0 /* AppDelegate.swift in Sources */,
				8A8782BE2D01F79B001313B0 /* SceneDelegate.swift in Sources */,
			);
			runOnlyForDeploymentPostprocessing = 0;
		};
		8A8782CA2D01F79C001313B0 /* Sources */ = {
			isa = PBXSourcesBuildPhase;
			buildActionMask = 2147483647;
			files = (
				8A8782D32D01F79C001313B0 /* TD5_LeBonTests.swift in Sources */,
			);
			runOnlyForDeploymentPostprocessing = 0;
		};
		8A8782D42D01F79C001313B0 /* Sources */ = {
			isa = PBXSourcesBuildPhase;
			buildActionMask = 2147483647;
			files = (
				8A8782DD2D01F79C001313B0 /* TD5_LeBonUITests.swift in Sources */,
				8A8782DF2D01F79C001313B0 /* TD5_LeBonUITestsLaunchTests.swift in Sources */,
			);
			runOnlyForDeploymentPostprocessing = 0;
		};
/* End PBXSourcesBuildPhase section */

/* Begin PBXTargetDependency section */
		8A8782D02D01F79C001313B0 /* PBXTargetDependency */ = {
			isa = PBXTargetDependency;
			target = 8A8782B72D01F79B001313B0 /* TD5_LeBon */;
			targetProxy = 8A8782CF2D01F79C001313B0 /* PBXContainerItemProxy */;
		};
		8A8782DA2D01F79C001313B0 /* PBXTargetDependency */ = {
			isa = PBXTargetDependency;
			target = 8A8782B72D01F79B001313B0 /* TD5_LeBon */;
			targetProxy = 8A8782D92D01F79C001313B0 /* PBXContainerItemProxy */;
		};
/* End PBXTargetDependency section */

/* Begin PBXVariantGroup section */
		8A8782C12D01F79B001313B0 /* Main.storyboard */ = {
			isa = PBXVariantGroup;
			children = (
				8A8782C22D01F79B001313B0 /* Base */,
			);
			name = Main.storyboard;
			sourceTree = "<group>";
		};
		8A8782C62D01F79C001313B0 /* LaunchScreen.storyboard */ = {
			isa = PBXVariantGroup;
			children = (
				8A8782C72D01F79C001313B0 /* Base */,
			);
			name = LaunchScreen.storyboard;
			sourceTree = "<group>";
		};
/* End PBXVariantGroup section */

/* Begin XCBuildConfiguration section */
		8A8782E02D01F79C001313B0 /* Debug */ = {
			isa = XCBuildConfiguration;
			buildSettings = {
				ALWAYS_SEARCH_USER_PATHS = NO;
				ASSETCATALOG_COMPILER_GENERATE_SWIFT_ASSET_SYMBOL_EXTENSIONS = YES;
				CLANG_ANALYZER_NONNULL = YES;
				CLANG_ANALYZER_NUMBER_OBJECT_CONVERSION = YES_AGGRESSIVE;
				CLANG_CXX_LANGUAGE_STANDARD = "gnu++20";
				CLANG_ENABLE_MODULES = YES;
				CLANG_ENABLE_OBJC_ARC = YES;
				CLANG_ENABLE_OBJC_WEAK = YES;
				CLANG_WARN_BLOCK_CAPTURE_AUTORELEASING = YES;
				CLANG_WARN_BOOL_CONVERSION = YES;
				CLANG_WARN_COMMA = YES;
				CLANG_WARN_CONSTANT_CONVERSION = YES;
				CLANG_WARN_DEPRECATED_OBJC_IMPLEMENTATIONS = YES;
				CLANG_WARN_DIRECT_OBJC_ISA_USAGE = YES_ERROR;
				CLANG_WARN_DOCUMENTATION_COMMENTS = YES;
				CLANG_WARN_EMPTY_BODY = YES;
				CLANG_WARN_ENUM_CONVERSION = YES;
				CLANG_WARN_INFINITE_RECURSION = YES;
				CLANG_WARN_INT_CONVERSION = YES;
				CLANG_WARN_NON_LITERAL_NULL_CONVERSION = YES;
				CLANG_WARN_OBJC_IMPLICIT_RETAIN_SELF = YES;
				CLANG_WARN_OBJC_LITERAL_CONVERSION = YES;
				CLANG_WARN_OBJC_ROOT_CLASS = YES_ERROR;
				CLANG_WARN_QUOTED_INCLUDE_IN_FRAMEWORK_HEADER = YES;
				CLANG_WARN_RANGE_LOOP_ANALYSIS = YES;
				CLANG_WARN_STRICT_PROTOTYPES = YES;
				CLANG_WARN_SUSPICIOUS_MOVE = YES;
				CLANG_WARN_UNGUARDED_AVAILABILITY = YES_AGGRESSIVE;
				CLANG_WARN_UNREACHABLE_CODE = YES;
				CLANG_WARN__DUPLICATE_METHOD_MATCH = YES;
				COPY_PHASE_STRIP = NO;
				DEBUG_INFORMATION_FORMAT = dwarf;
				ENABLE_STRICT_OBJC_MSGSEND = YES;
				ENABLE_TESTABILITY = YES;
				ENABLE_USER_SCRIPT_SANDBOXING = YES;
				GCC_C_LANGUAGE_STANDARD = gnu17;
				GCC_DYNAMIC_NO_PIC = NO;
				GCC_NO_COMMON_BLOCKS = YES;
				GCC_OPTIMIZATION_LEVEL = 0;
				GCC_PREPROCESSOR_DEFINITIONS = (
					"DEBUG=1",
					"$(inherited)",
				);
				GCC_WARN_64_TO_32_BIT_CONVERSION = YES;
				GCC_WARN_ABOUT_RETURN_TYPE = YES_ERROR;
				GCC_WARN_UNDECLARED_SELECTOR = YES;
				GCC_WARN_UNINITIALIZED_AUTOS = YES_AGGRESSIVE;
				GCC_WARN_UNUSED_FUNCTION = YES;
				GCC_WARN_UNUSED_VARIABLE = YES;
				IPHONEOS_DEPLOYMENT_TARGET = 17.5;
				LOCALIZATION_PREFERS_STRING_CATALOGS = YES;
				MTL_ENABLE_DEBUG_INFO = INCLUDE_SOURCE;
				MTL_FAST_MATH = YES;
				ONLY_ACTIVE_ARCH = YES;
				SDKROOT = iphoneos;
				SWIFT_ACTIVE_COMPILATION_CONDITIONS = "DEBUG $(inherited)";
				SWIFT_OPTIMIZATION_LEVEL = "-Onone";
			};
			name = Debug;
		};
		8A8782E12D01F79C001313B0 /* Release */ = {
			isa = XCBuildConfiguration;
			buildSettings = {
				ALWAYS_SEARCH_USER_PATHS = NO;
				ASSETCATALOG_COMPILER_GENERATE_SWIFT_ASSET_SYMBOL_EXTENSIONS = YES;
				CLANG_ANALYZER_NONNULL = YES;
				CLANG_ANALYZER_NUMBER_OBJECT_CONVERSION = YES_AGGRESSIVE;
				CLANG_CXX_LANGUAGE_STANDARD = "gnu++20";
				CLANG_ENABLE_MODULES = YES;
				CLANG_ENABLE_OBJC_ARC = YES;
				CLANG_ENABLE_OBJC_WEAK = YES;
				CLANG_WARN_BLOCK_CAPTURE_AUTORELEASING = YES;
				CLANG_WARN_BOOL_CONVERSION = YES;
				CLANG_WARN_COMMA = YES;
				CLANG_WARN_CONSTANT_CONVERSION = YES;
				CLANG_WARN_DEPRECATED_OBJC_IMPLEMENTATIONS = YES;
				CLANG_WARN_DIRECT_OBJC_ISA_USAGE = YES_ERROR;
				CLANG_WARN_DOCUMENTATION_COMMENTS = YES;
				CLANG_WARN_EMPTY_BODY = YES;
				CLANG_WARN_ENUM_CONVERSION = YES;
				CLANG_WARN_INFINITE_RECURSION = YES;
				CLANG_WARN_INT_CONVERSION = YES;
				CLANG_WARN_NON_LITERAL_NULL_CONVERSION = YES;
				CLANG_WARN_OBJC_IMPLICIT_RETAIN_SELF = YES;
				CLANG_WARN_OBJC_LITERAL_CONVERSION = YES;
				CLANG_WARN_OBJC_ROOT_CLASS = YES_ERROR;
				CLANG_WARN_QUOTED_INCLUDE_IN_FRAMEWORK_HEADER = YES;
				CLANG_WARN_RANGE_LOOP_ANALYSIS = YES;
				CLANG_WARN_STRICT_PROTOTYPES = YES;
				CLANG_WARN_SUSPICIOUS_MOVE = YES;
				CLANG_WARN_UNGUARDED_AVAILABILITY = YES_AGGRESSIVE;
				CLANG_WARN_UNREACHABLE_CODE = YES;
				CLANG_WARN__DUPLICATE_METHOD_MATCH = YES;
				COPY_PHASE_STRIP = NO;
				DEBUG_INFORMATION_FORMAT = "dwarf-with-dsym";
				ENABLE_NS_ASSERTIONS = NO;
				ENABLE_STRICT_OBJC_MSGSEND = YES;
				ENABLE_USER_SCRIPT_SANDBOXING = YES;
				GCC_C_LANGUAGE_STANDARD = gnu17;
				GCC_NO_COMMON_BLOCKS = YES;
				GCC_WARN_64_TO_32_BIT_CONVERSION = YES;
				GCC_WARN_ABOUT_RETURN_TYPE = YES_ERROR;
				GCC_WARN_UNDECLARED_SELECTOR = YES;
				GCC_WARN_UNINITIALIZED_AUTOS = YES_AGGRESSIVE;
				GCC_WARN_UNUSED_FUNCTION = YES;
				GCC_WARN_UNUSED_VARIABLE = YES;
				IPHONEOS_DEPLOYMENT_TARGET = 17.5;
				LOCALIZATION_PREFERS_STRING_CATALOGS = YES;
				MTL_ENABLE_DEBUG_INFO = NO;
				MTL_FAST_MATH = YES;
				SDKROOT = iphoneos;
				SWIFT_COMPILATION_MODE = wholemodule;
				VALIDATE_PRODUCT = YES;
			};
			name = Release;
		};
		8A8782E32D01F79C001313B0 /* Debug */ = {
			isa = XCBuildConfiguration;
			buildSettings = {
				ASSETCATALOG_COMPILER_APPICON_NAME = AppIcon;
				ASSETCATALOG_COMPILER_GLOBAL_ACCENT_COLOR_NAME = AccentColor;
				CODE_SIGN_STYLE = Automatic;
				CURRENT_PROJECT_VERSION = 1;
				GENERATE_INFOPLIST_FILE = YES;
				INFOPLIST_FILE = TD5_LeBon/Info.plist;
				INFOPLIST_KEY_UIApplicationSupportsIndirectInputEvents = YES;
				INFOPLIST_KEY_UILaunchStoryboardName = LaunchScreen;
				INFOPLIST_KEY_UIMainStoryboardFile = Main;
				INFOPLIST_KEY_UISupportedInterfaceOrientations_iPad = "UIInterfaceOrientationPortrait UIInterfaceOrientationPortraitUpsideDown UIInterfaceOrientationLandscapeLeft UIInterfaceOrientationLandscapeRight";
				INFOPLIST_KEY_UISupportedInterfaceOrientations_iPhone = "UIInterfaceOrientationPortrait UIInterfaceOrientationLandscapeLeft UIInterfaceOrientationLandscapeRight";
				LD_RUNPATH_SEARCH_PATHS = (
					"$(inherited)",
					"@executable_path/Frameworks",
				);
				MARKETING_VERSION = 1.0;
				PRODUCT_BUNDLE_IDENTIFIER = "DavidBLD.TD5-LeBon";
				PRODUCT_NAME = "$(TARGET_NAME)";
				SWIFT_EMIT_LOC_STRINGS = YES;
				SWIFT_VERSION = 5.0;
				TARGETED_DEVICE_FAMILY = "1,2";
			};
			name = Debug;
		};
		8A8782E42D01F79C001313B0 /* Release */ = {
			isa = XCBuildConfiguration;
			buildSettings = {
				ASSETCATALOG_COMPILER_APPICON_NAME = AppIcon;
				ASSETCATALOG_COMPILER_GLOBAL_ACCENT_COLOR_NAME = AccentColor;
				CODE_SIGN_STYLE = Automatic;
				CURRENT_PROJECT_VERSION = 1;
				GENERATE_INFOPLIST_FILE = YES;
				INFOPLIST_FILE = TD5_LeBon/Info.plist;
				INFOPLIST_KEY_UIApplicationSupportsIndirectInputEvents = YES;
				INFOPLIST_KEY_UILaunchStoryboardName = LaunchScreen;
				INFOPLIST_KEY_UIMainStoryboardFile = Main;
				INFOPLIST_KEY_UISupportedInterfaceOrientations_iPad = "UIInterfaceOrientationPortrait UIInterfaceOrientationPortraitUpsideDown UIInterfaceOrientationLandscapeLeft UIInterfaceOrientationLandscapeRight";
				INFOPLIST_KEY_UISupportedInterfaceOrientations_iPhone = "UIInterfaceOrientationPortrait UIInterfaceOrientationLandscapeLeft UIInterfaceOrientationLandscapeRight";
				LD_RUNPATH_SEARCH_PATHS = (
					"$(inherited)",
					"@executable_path/Frameworks",
				);
				MARKETING_VERSION = 1.0;
				PRODUCT_BUNDLE_IDENTIFIER = "DavidBLD.TD5-LeBon";
				PRODUCT_NAME = "$(TARGET_NAME)";
				SWIFT_EMIT_LOC_STRINGS = YES;
				SWIFT_VERSION = 5.0;
				TARGETED_DEVICE_FAMILY = "1,2";
			};
			name = Release;
		};
		8A8782E62D01F79C001313B0 /* Debug */ = {
			isa = XCBuildConfiguration;
			buildSettings = {
				ALWAYS_EMBED_SWIFT_STANDARD_LIBRARIES = YES;
				BUNDLE_LOADER = "$(TEST_HOST)";
				CODE_SIGN_STYLE = Automatic;
				CURRENT_PROJECT_VERSION = 1;
				GENERATE_INFOPLIST_FILE = YES;
				IPHONEOS_DEPLOYMENT_TARGET = 17.5;
				MARKETING_VERSION = 1.0;
				PRODUCT_BUNDLE_IDENTIFIER = "DavidBLD.TD5-LeBonTests";
				PRODUCT_NAME = "$(TARGET_NAME)";
				SWIFT_EMIT_LOC_STRINGS = NO;
				SWIFT_VERSION = 5.0;
				TARGETED_DEVICE_FAMILY = "1,2";
				TEST_HOST = "$(BUILT_PRODUCTS_DIR)/TD5_LeBon.app/$(BUNDLE_EXECUTABLE_FOLDER_PATH)/TD5_LeBon";
			};
			name = Debug;
		};
		8A8782E72D01F79C001313B0 /* Release */ = {
			isa = XCBuildConfiguration;
			buildSettings = {
				ALWAYS_EMBED_SWIFT_STANDARD_LIBRARIES = YES;
				BUNDLE_LOADER = "$(TEST_HOST)";
				CODE_SIGN_STYLE = Automatic;
				CURRENT_PROJECT_VERSION = 1;
				GENERATE_INFOPLIST_FILE = YES;
				IPHONEOS_DEPLOYMENT_TARGET = 17.5;
				MARKETING_VERSION = 1.0;
				PRODUCT_BUNDLE_IDENTIFIER = "DavidBLD.TD5-LeBonTests";
				PRODUCT_NAME = "$(TARGET_NAME)";
				SWIFT_EMIT_LOC_STRINGS = NO;
				SWIFT_VERSION = 5.0;
				TARGETED_DEVICE_FAMILY = "1,2";
				TEST_HOST = "$(BUILT_PRODUCTS_DIR)/TD5_LeBon.app/$(BUNDLE_EXECUTABLE_FOLDER_PATH)/TD5_LeBon";
			};
			name = Release;
		};
		8A8782E92D01F79C001313B0 /* Debug */ = {
			isa = XCBuildConfiguration;
			buildSettings = {
				ALWAYS_EMBED_SWIFT_STANDARD_LIBRARIES = YES;
				CODE_SIGN_STYLE = Automatic;
				CURRENT_PROJECT_VERSION = 1;
				GENERATE_INFOPLIST_FILE = YES;
				MARKETING_VERSION = 1.0;
				PRODUCT_BUNDLE_IDENTIFIER = "DavidBLD.TD5-LeBonUITests";
				PRODUCT_NAME = "$(TARGET_NAME)";
				SWIFT_EMIT_LOC_STRINGS = NO;
				SWIFT_VERSION = 5.0;
				TARGETED_DEVICE_FAMILY = "1,2";
				TEST_TARGET_NAME = TD5_LeBon;
			};
			name = Debug;
		};
		8A8782EA2D01F79C001313B0 /* Release */ = {
			isa = XCBuildConfiguration;
			buildSettings = {
				ALWAYS_EMBED_SWIFT_STANDARD_LIBRARIES = YES;
				CODE_SIGN_STYLE = Automatic;
				CURRENT_PROJECT_VERSION = 1;
				GENERATE_INFOPLIST_FILE = YES;
				MARKETING_VERSION = 1.0;
				PRODUCT_BUNDLE_IDENTIFIER = "DavidBLD.TD5-LeBonUITests";
				PRODUCT_NAME = "$(TARGET_NAME)";
				SWIFT_EMIT_LOC_STRINGS = NO;
				SWIFT_VERSION = 5.0;
				TARGETED_DEVICE_FAMILY = "1,2";
				TEST_TARGET_NAME = TD5_LeBon;
			};
			name = Release;
		};
/* End XCBuildConfiguration section */

/* Begin XCConfigurationList section */
		8A8782B32D01F79B001313B0 /* Build configuration list for PBXProject "TD5_LeBon" */ = {
			isa = XCConfigurationList;
			buildConfigurations = (
				8A8782E02D01F79C001313B0 /* Debug */,
				8A8782E12D01F79C001313B0 /* Release */,
			);
			defaultConfigurationIsVisible = 0;
			defaultConfigurationName = Release;
		};
		8A8782E22D01F79C001313B0 /* Build configuration list for PBXNativeTarget "TD5_LeBon" */ = {
			isa = XCConfigurationList;
			buildConfigurations = (
				8A8782E32D01F79C001313B0 /* Debug */,
				8A8782E42D01F79C001313B0 /* Release */,
			);
			defaultConfigurationIsVisible = 0;
			defaultConfigurationName = Release;
		};
		8A8782E52D01F79C001313B0 /* Build configuration list for PBXNativeTarget "TD5_LeBonTests" */ = {
			isa = XCConfigurationList;
			buildConfigurations = (
				8A8782E62D01F79C001313B0 /* Debug */,
				8A8782E72D01F79C001313B0 /* Release */,
			);
			defaultConfigurationIsVisible = 0;
			defaultConfigurationName = Release;
		};
		8A8782E82D01F79C001313B0 /* Build configuration list for PBXNativeTarget "TD5_LeBonUITests" */ = {
			isa = XCConfigurationList;
			buildConfigurations = (
				8A8782E92D01F79C001313B0 /* Debug */,
				8A8782EA2D01F79C001313B0 /* Release */,
			);
			defaultConfigurationIsVisible = 0;
			defaultConfigurationName = Release;
		};
/* End XCConfigurationList section */
	};
	rootObject = 8A8782B02D01F79B001313B0 /* Project object */;
}
